
Microsoft Visual Studio Solution File, Format Version 12.00
Project("{FAE04EC0-301F-11D3-BF4B-00C04F79EFBC}") = "Eventity.Application", "Eventity.Application\Eventity.Application.csproj", "{CB900761-EEFE-4751-8F43-8369DF49196C}"
EndProject
Project("{FAE04EC0-301F-11D3-BF4B-00C04F79EFBC}") = "Eventity.DataAccess", "Eventity.DataAccess\Eventity.DataAccess.csproj", "{84433370-CE6B-49AD-8273-44CE03F971D1}"
EndProject
Project("{FAE04EC0-301F-11D3-BF4B-00C04F79EFBC}") = "Eventity.Domain", "Eventity.Domain\Eventity.Domain.csproj", "{D322B25F-DA20-42F2-B152-1E89555F8ED7}"
EndProject
Project("{FAE04EC0-301F-11D3-BF4B-00C04F79EFBC}") = "Eventity.Web", "Eventity.Web\Eventity.Web.csproj", "{89D57C7A-1C1C-4F49-9ADD-651EBD096B13}"
EndProject
Project("{FAE04EC0-301F-11D3-BF4B-00C04F79EFBC}") = "Eventity.CoreService", "Eventity.CoreService\Eventity.CoreService.csproj", "{39C43726-AF34-49E4-980D-2FF751D37FF1}"
EndProject
Project("{FAE04EC0-301F-11D3-BF4B-00C04F79EFBC}") = "Eventity.DataService", "Eventity.DataService\Eventity.DataService.csproj", "{00510D79-FE1E-4998-BF0F-4C3B262C1DC1}"
EndProject
Project("{FAE04EC0-301F-11D3-BF4B-00C04F79EFBC}") = "Eventity.Tests.Unit", "Eventity.Tests.Unit\Eventity.Tests.Unit.csproj", "{4FFBA825-A69E-4AEA-8743-A4774F6BD1B0}"
EndProject
Project("{FAE04EC0-301F-11D3-BF4B-00C04F79EFBC}") = "Eventity.Tests.Integration", "Eventity.Tests.Integration\Eventity.Tests.Integration.csproj", "{F9B933A3-7283-4F91-823D-2CEBCF8AEB8D}"
EndProject
Project("{FAE04EC0-301F-11D3-BF4B-00C04F79EFBC}") = "Eventity.Tests.E2E", "Eventity.Tests.E2E\Eventity.Tests.E2E.csproj", "{976C8C25-8AE7-4140-B290-9A2F938AE504}"
EndProject
Global
	GlobalSection(SolutionConfigurationPlatforms) = preSolution
		Debug|Any CPU = Debug|Any CPU
		Release|Any CPU = Release|Any CPU
	EndGlobalSection
	GlobalSection(ProjectConfigurationPlatforms) = postSolution
		{CB900761-EEFE-4751-8F43-8369DF49196C}.Debug|Any CPU.ActiveCfg = Debug|Any CPU
		{CB900761-EEFE-4751-8F43-8369DF49196C}.Debug|Any CPU.Build.0 = Debug|Any CPU
		{CB900761-EEFE-4751-8F43-8369DF49196C}.Release|Any CPU.ActiveCfg = Release|Any CPU
		{CB900761-EEFE-4751-8F43-8369DF49196C}.Release|Any CPU.Build.0 = Release|Any CPU
		{84433370-CE6B-49AD-8273-44CE03F971D1}.Debug|Any CPU.ActiveCfg = Debug|Any CPU
		{84433370-CE6B-49AD-8273-44CE03F971D1}.Debug|Any CPU.Build.0 = Debug|Any CPU
		{84433370-CE6B-49AD-8273-44CE03F971D1}.Release|Any CPU.ActiveCfg = Release|Any CPU
		{84433370-CE6B-49AD-8273-44CE03F971D1}.Release|Any CPU.Build.0 = Release|Any CPU
		{D322B25F-DA20-42F2-B152-1E89555F8ED7}.Debug|Any CPU.ActiveCfg = Debug|Any CPU
		{D322B25F-DA20-42F2-B152-1E89555F8ED7}.Debug|Any CPU.Build.0 = Debug|Any CPU
		{D322B25F-DA20-42F2-B152-1E89555F8ED7}.Release|Any CPU.ActiveCfg = Release|Any CPU
		{D322B25F-DA20-42F2-B152-1E89555F8ED7}.Release|Any CPU.Build.0 = Release|Any CPU
		{89D57C7A-1C1C-4F49-9ADD-651EBD096B13}.Debug|Any CPU.ActiveCfg = Debug|Any CPU
		{89D57C7A-1C1C-4F49-9ADD-651EBD096B13}.Debug|Any CPU.Build.0 = Debug|Any CPU
		{89D57C7A-1C1C-4F49-9ADD-651EBD096B13}.Release|Any CPU.ActiveCfg = Release|Any CPU
		{89D57C7A-1C1C-4F49-9ADD-651EBD096B13}.Release|Any CPU.Build.0 = Release|Any CPU
		{39C43726-AF34-49E4-980D-2FF751D37FF1}.Debug|Any CPU.ActiveCfg = Debug|Any CPU
		{39C43726-AF34-49E4-980D-2FF751D37FF1}.Debug|Any CPU.Build.0 = Debug|Any CPU
		{39C43726-AF34-49E4-980D-2FF751D37FF1}.Release|Any CPU.ActiveCfg = Release|Any CPU
		{39C43726-AF34-49E4-980D-2FF751D37FF1}.Release|Any CPU.Build.0 = Release|Any CPU
		{00510D79-FE1E-4998-BF0F-4C3B262C1DC1}.Debug|Any CPU.ActiveCfg = Debug|Any CPU
		{00510D79-FE1E-4998-BF0F-4C3B262C1DC1}.Debug|Any CPU.Build.0 = Debug|Any CPU
		{00510D79-FE1E-4998-BF0F-4C3B262C1DC1}.Release|Any CPU.ActiveCfg = Release|Any CPU
		{00510D79-FE1E-4998-BF0F-4C3B262C1DC1}.Release|Any CPU.Build.0 = Release|Any CPU
		{4FFBA825-A69E-4AEA-8743-A4774F6BD1B0}.Debug|Any CPU.ActiveCfg = Debug|Any CPU
		{4FFBA825-A69E-4AEA-8743-A4774F6BD1B0}.Debug|Any CPU.Build.0 = Debug|Any CPU
		{4FFBA825-A69E-4AEA-8743-A4774F6BD1B0}.Release|Any CPU.ActiveCfg = Release|Any CPU
		{4FFBA825-A69E-4AEA-8743-A4774F6BD1B0}.Release|Any CPU.Build.0 = Release|Any CPU
		{F9B933A3-7283-4F91-823D-2CEBCF8AEB8D}.Debug|Any CPU.ActiveCfg = Debug|Any CPU
		{F9B933A3-7283-4F91-823D-2CEBCF8AEB8D}.Debug|Any CPU.Build.0 = Debug|Any CPU
		{F9B933A3-7283-4F91-823D-2CEBCF8AEB8D}.Release|Any CPU.ActiveCfg = Release|Any CPU
		{F9B933A3-7283-4F91-823D-2CEBCF8AEB8D}.Release|Any CPU.Build.0 = Release|Any CPU
		{976C8C25-8AE7-4140-B290-9A2F938AE504}.Debug|Any CPU.ActiveCfg = Debug|Any CPU
		{976C8C25-8AE7-4140-B290-9A2F938AE504}.Debug|Any CPU.Build.0 = Debug|Any CPU
		{976C8C25-8AE7-4140-B290-9A2F938AE504}.Release|Any CPU.ActiveCfg = Release|Any CPU
		{976C8C25-8AE7-4140-B290-9A2F938AE504}.Release|Any CPU.Build.0 = Release|Any CPU
	EndGlobalSection
EndGlobal
